
Microsoft Visual Studio Solution File, Format Version 12.00
# Visual Studio 15
VisualStudioVersion = 15.0.28307.271
MinimumVisualStudioVersion = 10.0.40219.1
Project("{FAE04EC0-301F-11D3-BF4B-00C04F79EFBC}") = "MagicBook", "MagicBook\MagicBook.csproj", "{B6C9CF03-1E8D-4C80-93CF-D6B0BE782478}"
EndProject
Global
	GlobalSection(SolutionConfigurationPlatforms) = preSolution
		Debug|Any CPU = Debug|Any CPU
		Release|Any CPU = Release|Any CPU
	EndGlobalSection
	GlobalSection(ProjectConfigurationPlatforms) = postSolution
		{B6C9CF03-1E8D-4C80-93CF-D6B0BE782478}.Debug|Any CPU.ActiveCfg = Debug|Any CPU
		{B6C9CF03-1E8D-4C80-93CF-D6B0BE782478}.Debug|Any CPU.Build.0 = Debug|Any CPU
		{B6C9CF03-1E8D-4C80-93CF-D6B0BE782478}.Release|Any CPU.ActiveCfg = Release|Any CPU
		{B6C9CF03-1E8D-4C80-93CF-D6B0BE782478}.Release|Any CPU.Build.0 = Release|Any CPU
	EndGlobalSection
	GlobalSection(SolutionProperties) = preSolution
		HideSolutionNode = FALSE
	EndGlobalSection
	GlobalSection(ExtensibilityGlobals) = postSolution
		SolutionGuid = {3B023182-74AE-4EA3-A20D-D6B00E6042C6}
	EndGlobalSection
EndGlobal
